// !$*UTF8*$!
{
	archiveVersion = 1;
	classes = {
	};
	objectVersion = 77;
	objects = {

/* Begin PBXContainerItemProxy section */
		B2370BBF2DB55D7300A301E1 /* PBXContainerItemProxy */ = {
			isa = PBXContainerItemProxy;
			containerPortal = B2370BA52DB55D7200A301E1 /* Project object */;
			proxyType = 1;
			remoteGlobalIDString = B2370BAC2DB55D7200A301E1;
			remoteInfo = GitStreakMenuApp;
		};
		B2370BC92DB55D7400A301E1 /* PBXContainerItemProxy */ = {
			isa = PBXContainerItemProxy;
			containerPortal = B2370BA52DB55D7200A301E1 /* Project object */;
			proxyType = 1;
			remoteGlobalIDString = B2370BAC2DB55D7200A301E1;
			remoteInfo = GitStreakMenuApp;
		};
/* End PBXContainerItemProxy section */

/* Begin PBXFileReference section */
		B2370BAD2DB55D7200A301E1 /* GitStreakMenuApp.app */ = {isa = PBXFileReference; explicitFileType = wrapper.application; includeInIndex = 0; path = GitStreakMenuApp.app; sourceTree = BUILT_PRODUCTS_DIR; };
		B2370BBE2DB55D7300A301E1 /* GitStreakMenuAppTests.xctest */ = {isa = PBXFileReference; explicitFileType = wrapper.cfbundle; includeInIndex = 0; path = GitStreakMenuAppTests.xctest; sourceTree = BUILT_PRODUCTS_DIR; };
		B2370BC82DB55D7400A301E1 /* GitStreakMenuAppUITests.xctest */ = {isa = PBXFileReference; explicitFileType = wrapper.cfbundle; includeInIndex = 0; path = GitStreakMenuAppUITests.xctest; sourceTree = BUILT_PRODUCTS_DIR; };
/* End PBXFileReference section */

/* Begin PBXFileSystemSynchronizedRootGroup section */
		B2370BAF2DB55D7200A301E1 /* GitStreakMenuApp */ = {
			isa = PBXFileSystemSynchronizedRootGroup;
			path = GitStreakMenuApp;
			sourceTree = "<group>";
		};
		B2370BC12DB55D7300A301E1 /* GitStreakMenuAppTests */ = {
			isa = PBXFileSystemSynchronizedRootGroup;
			path = GitStreakMenuAppTests;
			sourceTree = "<group>";
		};
		B2370BCB2DB55D7400A301E1 /* GitStreakMenuAppUITests */ = {
			isa = PBXFileSystemSynchronizedRootGroup;
			path = GitStreakMenuAppUITests;
			sourceTree = "<group>";
		};
/* End PBXFileSystemSynchronizedRootGroup section */

/* Begin PBXFrameworksBuildPhase section */
		B2370BAA2DB55D7200A301E1 /* Frameworks */ = {
			isa = PBXFrameworksBuildPhase;
			buildActionMask = 2147483647;
			files = (
			);
			runOnlyForDeploymentPostprocessing = 0;
		};
		B2370BBB2DB55D7300A301E1 /* Frameworks */ = {
			isa = PBXFrameworksBuildPhase;
			buildActionMask = 2147483647;
			files = (
			);
			runOnlyForDeploymentPostprocessing = 0;
		};
		B2370BC52DB55D7400A301E1 /* Frameworks */ = {
			isa = PBXFrameworksBuildPhase;
			buildActionMask = 2147483647;
			files = (
			);
			runOnlyForDeploymentPostprocessing = 0;
		};
/* End PBXFrameworksBuildPhase section */

/* Begin PBXGroup section */
		B2370BA42DB55D7200A301E1 = {
			isa = PBXGroup;
			children = (
				B2370BAF2DB55D7200A301E1 /* GitStreakMenuApp */,
				B2370BC12DB55D7300A301E1 /* GitStreakMenuAppTests */,
				B2370BCB2DB55D7400A301E1 /* GitStreakMenuAppUITests */,
				B2370BAE2DB55D7200A301E1 /* Products */,
			);
			sourceTree = "<group>";
		};
		B2370BAE2DB55D7200A301E1 /* Products */ = {
			isa = PBXGroup;
			children = (
				B2370BAD2DB55D7200A301E1 /* GitStreakMenuApp.app */,
				B2370BBE2DB55D7300A301E1 /* GitStreakMenuAppTests.xctest */,
				B2370BC82DB55D7400A301E1 /* GitStreakMenuAppUITests.xctest */,
			);
			name = Products;
			sourceTree = "<group>";
		};
/* End PBXGroup section */

/* Begin PBXNativeTarget section */
		B2370BAC2DB55D7200A301E1 /* GitStreakMenuApp */ = {
			isa = PBXNativeTarget;
			buildConfigurationList = B2370BD22DB55D7400A301E1 /* Build configuration list for PBXNativeTarget "GitStreakMenuApp" */;
			buildPhases = (
				B2370BA92DB55D7200A301E1 /* Sources */,
				B2370BAA2DB55D7200A301E1 /* Frameworks */,
				B2370BAB2DB55D7200A301E1 /* Resources */,
			);
			buildRules = (
			);
			dependencies = (
			);
			fileSystemSynchronizedGroups = (
				B2370BAF2DB55D7200A301E1 /* GitStreakMenuApp */,
			);
			name = GitStreakMenuApp;
			packageProductDependencies = (
			);
			productName = GitStreakMenuApp;
			productReference = B2370BAD2DB55D7200A301E1 /* GitStreakMenuApp.app */;
			productType = "com.apple.product-type.application";
		};
		B2370BBD2DB55D7300A301E1 /* GitStreakMenuAppTests */ = {
			isa = PBXNativeTarget;
			buildConfigurationList = B2370BD52DB55D7400A301E1 /* Build configuration list for PBXNativeTarget "GitStreakMenuAppTests" */;
			buildPhases = (
				B2370BBA2DB55D7300A301E1 /* Sources */,
				B2370BBB2DB55D7300A301E1 /* Frameworks */,
				B2370BBC2DB55D7300A301E1 /* Resources */,
			);
			buildRules = (
			);
			dependencies = (
				B2370BC02DB55D7300A301E1 /* PBXTargetDependency */,
			);
			fileSystemSynchronizedGroups = (
				B2370BC12DB55D7300A301E1 /* GitStreakMenuAppTests */,
			);
			name = GitStreakMenuAppTests;
			packageProductDependencies = (
			);
			productName = GitStreakMenuAppTests;
			productReference = B2370BBE2DB55D7300A301E1 /* GitStreakMenuAppTests.xctest */;
			productType = "com.apple.product-type.bundle.unit-test";
		};
		B2370BC72DB55D7400A301E1 /* GitStreakMenuAppUITests */ = {
			isa = PBXNativeTarget;
			buildConfigurationList = B2370BD82DB55D7400A301E1 /* Build configuration list for PBXNativeTarget "GitStreakMenuAppUITests" */;
			buildPhases = (
				B2370BC42DB55D7400A301E1 /* Sources */,
				B2370BC52DB55D7400A301E1 /* Frameworks */,
				B2370BC62DB55D7400A301E1 /* Resources */,
			);
			buildRules = (
			);
			dependencies = (
				B2370BCA2DB55D7400A301E1 /* PBXTargetDependency */,
			);
			fileSystemSynchronizedGroups = (
				B2370BCB2DB55D7400A301E1 /* GitStreakMenuAppUITests */,
			);
			name = GitStreakMenuAppUITests;
			packageProductDependencies = (
			);
			productName = GitStreakMenuAppUITests;
			productReference = B2370BC82DB55D7400A301E1 /* GitStreakMenuAppUITests.xctest */;
			productType = "com.apple.product-type.bundle.ui-testing";
		};
/* End PBXNativeTarget section */

/* Begin PBXProject section */
		B2370BA52DB55D7200A301E1 /* Project object */ = {
			isa = PBXProject;
			attributes = {
				BuildIndependentTargetsInParallel = 1;
				LastSwiftUpdateCheck = 1620;
				LastUpgradeCheck = 1620;
				TargetAttributes = {
					B2370BAC2DB55D7200A301E1 = {
						CreatedOnToolsVersion = 16.2;
					};
					B2370BBD2DB55D7300A301E1 = {
						CreatedOnToolsVersion = 16.2;
						TestTargetID = B2370BAC2DB55D7200A301E1;
					};
					B2370BC72DB55D7400A301E1 = {
						CreatedOnToolsVersion = 16.2;
						TestTargetID = B2370BAC2DB55D7200A301E1;
					};
				};
			};
			buildConfigurationList = B2370BA82DB55D7200A301E1 /* Build configuration list for PBXProject "GitStreakMenuApp" */;
			developmentRegion = en;
			hasScannedForEncodings = 0;
			knownRegions = (
				en,
				Base,
			);
			mainGroup = B2370BA42DB55D7200A301E1;
			minimizedProjectReferenceProxies = 1;
			preferredProjectObjectVersion = 77;
			productRefGroup = B2370BAE2DB55D7200A301E1 /* Products */;
			projectDirPath = "";
			projectRoot = "";
			targets = (
				B2370BAC2DB55D7200A301E1 /* GitStreakMenuApp */,
				B2370BBD2DB55D7300A301E1 /* GitStreakMenuAppTests */,
				B2370BC72DB55D7400A301E1 /* GitStreakMenuAppUITests */,
			);
		};
/* End PBXProject section */

/* Begin PBXResourcesBuildPhase section */
		B2370BAB2DB55D7200A301E1 /* Resources */ = {
			isa = PBXResourcesBuildPhase;
			buildActionMask = 2147483647;
			files = (
			);
			runOnlyForDeploymentPostprocessing = 0;
		};
		B2370BBC2DB55D7300A301E1 /* Resources */ = {
			isa = PBXResourcesBuildPhase;
			buildActionMask = 2147483647;
			files = (
			);
			runOnlyForDeploymentPostprocessing = 0;
		};
		B2370BC62DB55D7400A301E1 /* Resources */ = {
			isa = PBXResourcesBuildPhase;
			buildActionMask = 2147483647;
			files = (
			);
			runOnlyForDeploymentPostprocessing = 0;
		};
/* End PBXResourcesBuildPhase section */

/* Begin PBXSourcesBuildPhase section */
		B2370BA92DB55D7200A301E1 /* Sources */ = {
			isa = PBXSourcesBuildPhase;
			buildActionMask = 2147483647;
			files = (
			);
			runOnlyForDeploymentPostprocessing = 0;
		};
		B2370BBA2DB55D7300A301E1 /* Sources */ = {
			isa = PBXSourcesBuildPhase;
			buildActionMask = 2147483647;
			files = (
			);
			runOnlyForDeploymentPostprocessing = 0;
		};
		B2370BC42DB55D7400A301E1 /* Sources */ = {
			isa = PBXSourcesBuildPhase;
			buildActionMask = 2147483647;
			files = (
			);
			runOnlyForDeploymentPostprocessing = 0;
		};
/* End PBXSourcesBuildPhase section */

/* Begin PBXTargetDependency section */
		B2370BC02DB55D7300A301E1 /* PBXTargetDependency */ = {
			isa = PBXTargetDependency;
			target = B2370BAC2DB55D7200A301E1 /* GitStreakMenuApp */;
			targetProxy = B2370BBF2DB55D7300A301E1 /* PBXContainerItemProxy */;
		};
		B2370BCA2DB55D7400A301E1 /* PBXTargetDependency */ = {
			isa = PBXTargetDependency;
			target = B2370BAC2DB55D7200A301E1 /* GitStreakMenuApp */;
			targetProxy = B2370BC92DB55D7400A301E1 /* PBXContainerItemProxy */;
		};
/* End PBXTargetDependency section */

/* Begin XCBuildConfiguration section */
		B2370BD02DB55D7400A301E1 /* Debug */ = {
			isa = XCBuildConfiguration;
			buildSettings = {
				ALWAYS_SEARCH_USER_PATHS = NO;
				ASSETCATALOG_COMPILER_GENERATE_SWIFT_ASSET_SYMBOL_EXTENSIONS = YES;
				CLANG_ANALYZER_NONNULL = YES;
				CLANG_ANALYZER_NUMBER_OBJECT_CONVERSION = YES_AGGRESSIVE;
				CLANG_CXX_LANGUAGE_STANDARD = "gnu++20";
				CLANG_ENABLE_MODULES = YES;
				CLANG_ENABLE_OBJC_ARC = YES;
				CLANG_ENABLE_OBJC_WEAK = YES;
				CLANG_WARN_BLOCK_CAPTURE_AUTORELEASING = YES;
				CLANG_WARN_BOOL_CONVERSION = YES;
				CLANG_WARN_COMMA = YES;
				CLANG_WARN_CONSTANT_CONVERSION = YES;
				CLANG_WARN_DEPRECATED_OBJC_IMPLEMENTATIONS = YES;
				CLANG_WARN_DIRECT_OBJC_ISA_USAGE = YES_ERROR;
				CLANG_WARN_DOCUMENTATION_COMMENTS = YES;
				CLANG_WARN_EMPTY_BODY = YES;
				CLANG_WARN_ENUM_CONVERSION = YES;
				CLANG_WARN_INFINITE_RECURSION = YES;
				CLANG_WARN_INT_CONVERSION = YES;
				CLANG_WARN_NON_LITERAL_NULL_CONVERSION = YES;
				CLANG_WARN_OBJC_IMPLICIT_RETAIN_SELF = YES;
				CLANG_WARN_OBJC_LITERAL_CONVERSION = YES;
				CLANG_WARN_OBJC_ROOT_CLASS = YES_ERROR;
				CLANG_WARN_QUOTED_INCLUDE_IN_FRAMEWORK_HEADER = YES;
				CLANG_WARN_RANGE_LOOP_ANALYSIS = YES;
				CLANG_WARN_STRICT_PROTOTYPES = YES;
				CLANG_WARN_SUSPICIOUS_MOVE = YES;
				CLANG_WARN_UNGUARDED_AVAILABILITY = YES_AGGRESSIVE;
				CLANG_WARN_UNREACHABLE_CODE = YES;
				CLANG_WARN__DUPLICATE_METHOD_MATCH = YES;
				COPY_PHASE_STRIP = NO;
				DEBUG_INFORMATION_FORMAT = dwarf;
				ENABLE_STRICT_OBJC_MSGSEND = YES;
				ENABLE_TESTABILITY = YES;
				ENABLE_USER_SCRIPT_SANDBOXING = YES;
				GCC_C_LANGUAGE_STANDARD = gnu17;
				GCC_DYNAMIC_NO_PIC = NO;
				GCC_NO_COMMON_BLOCKS = YES;
				GCC_OPTIMIZATION_LEVEL = 0;
				GCC_PREPROCESSOR_DEFINITIONS = (
					"DEBUG=1",
					"$(inherited)",
				);
				GCC_WARN_64_TO_32_BIT_CONVERSION = YES;
				GCC_WARN_ABOUT_RETURN_TYPE = YES_ERROR;
				GCC_WARN_UNDECLARED_SELECTOR = YES;
				GCC_WARN_UNINITIALIZED_AUTOS = YES_AGGRESSIVE;
				GCC_WARN_UNUSED_FUNCTION = YES;
				GCC_WARN_UNUSED_VARIABLE = YES;
				LOCALIZATION_PREFERS_STRING_CATALOGS = YES;
				MACOSX_DEPLOYMENT_TARGET = 15.2;
				MTL_ENABLE_DEBUG_INFO = INCLUDE_SOURCE;
				MTL_FAST_MATH = YES;
				ONLY_ACTIVE_ARCH = YES;
				SDKROOT = macosx;
				SWIFT_ACTIVE_COMPILATION_CONDITIONS = "DEBUG $(inherited)";
				SWIFT_OPTIMIZATION_LEVEL = "-Onone";
			};
			name = Debug;
		};
		B2370BD12DB55D7400A301E1 /* Release */ = {
			isa = XCBuildConfiguration;
			buildSettings = {
				ALWAYS_SEARCH_USER_PATHS = NO;
				ASSETCATALOG_COMPILER_GENERATE_SWIFT_ASSET_SYMBOL_EXTENSIONS = YES;
				CLANG_ANALYZER_NONNULL = YES;
				CLANG_ANALYZER_NUMBER_OBJECT_CONVERSION = YES_AGGRESSIVE;
				CLANG_CXX_LANGUAGE_STANDARD = "gnu++20";
				CLANG_ENABLE_MODULES = YES;
				CLANG_ENABLE_OBJC_ARC = YES;
				CLANG_ENABLE_OBJC_WEAK = YES;
				CLANG_WARN_BLOCK_CAPTURE_AUTORELEASING = YES;
				CLANG_WARN_BOOL_CONVERSION = YES;
				CLANG_WARN_COMMA = YES;
				CLANG_WARN_CONSTANT_CONVERSION = YES;
				CLANG_WARN_DEPRECATED_OBJC_IMPLEMENTATIONS = YES;
				CLANG_WARN_DIRECT_OBJC_ISA_USAGE = YES_ERROR;
				CLANG_WARN_DOCUMENTATION_COMMENTS = YES;
				CLANG_WARN_EMPTY_BODY = YES;
				CLANG_WARN_ENUM_CONVERSION = YES;
				CLANG_WARN_INFINITE_RECURSION = YES;
				CLANG_WARN_INT_CONVERSION = YES;
				CLANG_WARN_NON_LITERAL_NULL_CONVERSION = YES;
				CLANG_WARN_OBJC_IMPLICIT_RETAIN_SELF = YES;
				CLANG_WARN_OBJC_LITERAL_CONVERSION = YES;
				CLANG_WARN_OBJC_ROOT_CLASS = YES_ERROR;
				CLANG_WARN_QUOTED_INCLUDE_IN_FRAMEWORK_HEADER = YES;
				CLANG_WARN_RANGE_LOOP_ANALYSIS = YES;
				CLANG_WARN_STRICT_PROTOTYPES = YES;
				CLANG_WARN_SUSPICIOUS_MOVE = YES;
				CLANG_WARN_UNGUARDED_AVAILABILITY = YES_AGGRESSIVE;
				CLANG_WARN_UNREACHABLE_CODE = YES;
				CLANG_WARN__DUPLICATE_METHOD_MATCH = YES;
				COPY_PHASE_STRIP = NO;
				DEBUG_INFORMATION_FORMAT = "dwarf-with-dsym";
				ENABLE_NS_ASSERTIONS = NO;
				ENABLE_STRICT_OBJC_MSGSEND = YES;
				ENABLE_USER_SCRIPT_SANDBOXING = YES;
				GCC_C_LANGUAGE_STANDARD = gnu17;
				GCC_NO_COMMON_BLOCKS = YES;
				GCC_WARN_64_TO_32_BIT_CONVERSION = YES;
				GCC_WARN_ABOUT_RETURN_TYPE = YES_ERROR;
				GCC_WARN_UNDECLARED_SELECTOR = YES;
				GCC_WARN_UNINITIALIZED_AUTOS = YES_AGGRESSIVE;
				GCC_WARN_UNUSED_FUNCTION = YES;
				GCC_WARN_UNUSED_VARIABLE = YES;
				LOCALIZATION_PREFERS_STRING_CATALOGS = YES;
				MACOSX_DEPLOYMENT_TARGET = 15.2;
				MTL_ENABLE_DEBUG_INFO = NO;
				MTL_FAST_MATH = YES;
				SDKROOT = macosx;
				SWIFT_COMPILATION_MODE = wholemodule;
			};
			name = Release;
		};
		B2370BD32DB55D7400A301E1 /* Debug */ = {
			isa = XCBuildConfiguration;
			buildSettings = {
				ASSETCATALOG_COMPILER_APPICON_NAME = AppIcon;
				ASSETCATALOG_COMPILER_GLOBAL_ACCENT_COLOR_NAME = AccentColor;
				CODE_SIGN_ENTITLEMENTS = GitStreakMenuApp/GitStreakMenuApp.entitlements;
				CODE_SIGN_STYLE = Automatic;
				COMBINE_HIDPI_IMAGES = YES;
				CURRENT_PROJECT_VERSION = 1;
				DEVELOPMENT_ASSET_PATHS = "\"GitStreakMenuApp/Preview Content\"";
				DEVELOPMENT_TEAM = 997PFU698P;
				ENABLE_HARDENED_RUNTIME = YES;
				ENABLE_PREVIEWS = YES;
				GENERATE_INFOPLIST_FILE = YES;
				INFOPLIST_KEY_NSHumanReadableCopyright = "";
				LD_RUNPATH_SEARCH_PATHS = (
					"$(inherited)",
					"@executable_path/../Frameworks",
				);
				MARKETING_VERSION = 1.0;
				PRODUCT_BUNDLE_IDENTIFIER = ie.redstudio.GitStreakMenuApp;
				PRODUCT_NAME = "$(TARGET_NAME)";
				SWIFT_EMIT_LOC_STRINGS = YES;
				SWIFT_VERSION = 5.0;
			};
			name = Debug;
		};
		B2370BD42DB55D7400A301E1 /* Release */ = {
			isa = XCBuildConfiguration;
			buildSettings = {
				ASSETCATALOG_COMPILER_APPICON_NAME = AppIcon;
				ASSETCATALOG_COMPILER_GLOBAL_ACCENT_COLOR_NAME = AccentColor;
				CODE_SIGN_ENTITLEMENTS = GitStreakMenuApp/GitStreakMenuApp.entitlements;
				CODE_SIGN_STYLE = Automatic;
				COMBINE_HIDPI_IMAGES = YES;
				CURRENT_PROJECT_VERSION = 1;
				DEVELOPMENT_ASSET_PATHS = "\"GitStreakMenuApp/Preview Content\"";
				DEVELOPMENT_TEAM = 997PFU698P;
				ENABLE_HARDENED_RUNTIME = YES;
				ENABLE_PREVIEWS = YES;
				GENERATE_INFOPLIST_FILE = YES;
				INFOPLIST_KEY_NSHumanReadableCopyright = "";
				LD_RUNPATH_SEARCH_PATHS = (
					"$(inherited)",
					"@executable_path/../Frameworks",
				);
				MARKETING_VERSION = 1.0;
				PRODUCT_BUNDLE_IDENTIFIER = ie.redstudio.GitStreakMenuApp;
				PRODUCT_NAME = "$(TARGET_NAME)";
				SWIFT_EMIT_LOC_STRINGS = YES;
				SWIFT_VERSION = 5.0;
			};
			name = Release;
		};
		B2370BD62DB55D7400A301E1 /* Debug */ = {
			isa = XCBuildConfiguration;
			buildSettings = {
				BUNDLE_LOADER = "$(TEST_HOST)";
				CODE_SIGN_STYLE = Automatic;
				CURRENT_PROJECT_VERSION = 1;
				DEVELOPMENT_TEAM = 997PFU698P;
				GENERATE_INFOPLIST_FILE = YES;
				MACOSX_DEPLOYMENT_TARGET = 15.2;
				MARKETING_VERSION = 1.0;
				PRODUCT_BUNDLE_IDENTIFIER = ie.redstudio.GitStreakMenuAppTests;
				PRODUCT_NAME = "$(TARGET_NAME)";
				SWIFT_EMIT_LOC_STRINGS = NO;
				SWIFT_VERSION = 5.0;
				TEST_HOST = "$(BUILT_PRODUCTS_DIR)/GitStreakMenuApp.app/$(BUNDLE_EXECUTABLE_FOLDER_PATH)/GitStreakMenuApp";
			};
			name = Debug;
		};
		B2370BD72DB55D7400A301E1 /* Release */ = {
			isa = XCBuildConfiguration;
			buildSettings = {
				BUNDLE_LOADER = "$(TEST_HOST)";
				CODE_SIGN_STYLE = Automatic;
				CURRENT_PROJECT_VERSION = 1;
				DEVELOPMENT_TEAM = 997PFU698P;
				GENERATE_INFOPLIST_FILE = YES;
				MACOSX_DEPLOYMENT_TARGET = 15.2;
				MARKETING_VERSION = 1.0;
				PRODUCT_BUNDLE_IDENTIFIER = ie.redstudio.GitStreakMenuAppTests;
				PRODUCT_NAME = "$(TARGET_NAME)";
				SWIFT_EMIT_LOC_STRINGS = NO;
				SWIFT_VERSION = 5.0;
				TEST_HOST = "$(BUILT_PRODUCTS_DIR)/GitStreakMenuApp.app/$(BUNDLE_EXECUTABLE_FOLDER_PATH)/GitStreakMenuApp";
			};
			name = Release;
		};
		B2370BD92DB55D7400A301E1 /* Debug */ = {
			isa = XCBuildConfiguration;
			buildSettings = {
				CODE_SIGN_STYLE = Automatic;
				CURRENT_PROJECT_VERSION = 1;
				DEVELOPMENT_TEAM = 997PFU698P;
				GENERATE_INFOPLIST_FILE = YES;
				MARKETING_VERSION = 1.0;
				PRODUCT_BUNDLE_IDENTIFIER = ie.redstudio.GitStreakMenuAppUITests;
				PRODUCT_NAME = "$(TARGET_NAME)";
				SWIFT_EMIT_LOC_STRINGS = NO;
				SWIFT_VERSION = 5.0;
				TEST_TARGET_NAME = GitStreakMenuApp;
			};
			name = Debug;
		};
		B2370BDA2DB55D7400A301E1 /* Release */ = {
			isa = XCBuildConfiguration;
			buildSettings = {
				CODE_SIGN_STYLE = Automatic;
				CURRENT_PROJECT_VERSION = 1;
				DEVELOPMENT_TEAM = 997PFU698P;
				GENERATE_INFOPLIST_FILE = YES;
				MARKETING_VERSION = 1.0;
				PRODUCT_BUNDLE_IDENTIFIER = ie.redstudio.GitStreakMenuAppUITests;
				PRODUCT_NAME = "$(TARGET_NAME)";
				SWIFT_EMIT_LOC_STRINGS = NO;
				SWIFT_VERSION = 5.0;
				TEST_TARGET_NAME = GitStreakMenuApp;
			};
			name = Release;
		};
/* End XCBuildConfiguration section */

/* Begin XCConfigurationList section */
		B2370BA82DB55D7200A301E1 /* Build configuration list for PBXProject "GitStreakMenuApp" */ = {
			isa = XCConfigurationList;
			buildConfigurations = (
				B2370BD02DB55D7400A301E1 /* Debug */,
				B2370BD12DB55D7400A301E1 /* Release */,
			);
			defaultConfigurationIsVisible = 0;
			defaultConfigurationName = Release;
		};
		B2370BD22DB55D7400A301E1 /* Build configuration list for PBXNativeTarget "GitStreakMenuApp" */ = {
			isa = XCConfigurationList;
			buildConfigurations = (
				B2370BD32DB55D7400A301E1 /* Debug */,
				B2370BD42DB55D7400A301E1 /* Release */,
			);
			defaultConfigurationIsVisible = 0;
			defaultConfigurationName = Release;
		};
		B2370BD52DB55D7400A301E1 /* Build configuration list for PBXNativeTarget "GitStreakMenuAppTests" */ = {
			isa = XCConfigurationList;
			buildConfigurations = (
				B2370BD62DB55D7400A301E1 /* Debug */,
				B2370BD72DB55D7400A301E1 /* Release */,
			);
			defaultConfigurationIsVisible = 0;
			defaultConfigurationName = Release;
		};
		B2370BD82DB55D7400A301E1 /* Build configuration list for PBXNativeTarget "GitStreakMenuAppUITests" */ = {
			isa = XCConfigurationList;
			buildConfigurations = (
				B2370BD92DB55D7400A301E1 /* Debug */,
				B2370BDA2DB55D7400A301E1 /* Release */,
			);
			defaultConfigurationIsVisible = 0;
			defaultConfigurationName = Release;
		};
/* End XCConfigurationList section */
	};
	rootObject = B2370BA52DB55D7200A301E1 /* Project object */;
}
